Microsoft Visual Studio Solution File, Format Version 11.00
# Visual Studio 2008

Project("{149BC7AF-8A60-DC1F-2B83-7E1C6D5847E7}") = "condy_crosh_sogo", "Assembly-CSharp.csproj", "{F2BC6646-CDFF-3744-BBB1-72D49BD9ADA0}"
EndProject
Project("{149BC7AF-8A60-DC1F-2B83-7E1C6D5847E7}") = "condy_crosh_sogo", "Assembly-CSharp-Editor.csproj", "{CA48AFC0-432E-5313-6198-6AB78BA0C5B5}"
EndProject
Project("{149BC7AF-8A60-DC1F-2B83-7E1C6D5847E7}") = "condy_crosh_sogo", "Assembly-UnityScript-firstpass.unityproj", "{BCD34363-2064-7414-5AA3-2B4845B32404}"
EndProject
Global
	GlobalSection(SolutionConfigurationPlatforms) = preSolution
		Debug|Any CPU = Debug|Any CPU
		Release|Any CPU = Release|Any CPU
	EndGlobalSection
	GlobalSection(ProjectConfigurationPlatforms) = postSolution
		{F2BC6646-CDFF-3744-BBB1-72D49BD9ADA0}.Debug|Any CPU.ActiveCfg = Debug|Any CPU
		{F2BC6646-CDFF-3744-BBB1-72D49BD9ADA0}.Debug|Any CPU.Build.0 = Debug|Any CPU
		{F2BC6646-CDFF-3744-BBB1-72D49BD9ADA0}.Release|Any CPU.ActiveCfg = Release|Any CPU
		{F2BC6646-CDFF-3744-BBB1-72D49BD9ADA0}.Release|Any CPU.Build.0 = Release|Any CPU
		{CA48AFC0-432E-5313-6198-6AB78BA0C5B5}.Debug|Any CPU.ActiveCfg = Debug|Any CPU
		{CA48AFC0-432E-5313-6198-6AB78BA0C5B5}.Debug|Any CPU.Build.0 = Debug|Any CPU
		{CA48AFC0-432E-5313-6198-6AB78BA0C5B5}.Release|Any CPU.ActiveCfg = Release|Any CPU
		{CA48AFC0-432E-5313-6198-6AB78BA0C5B5}.Release|Any CPU.Build.0 = Release|Any CPU
		{BCD34363-2064-7414-5AA3-2B4845B32404}.Debug|Any CPU.ActiveCfg = Debug|Any CPU
		{BCD34363-2064-7414-5AA3-2B4845B32404}.Debug|Any CPU.Build.0 = Debug|Any CPU
		{BCD34363-2064-7414-5AA3-2B4845B32404}.Release|Any CPU.ActiveCfg = Release|Any CPU
		{BCD34363-2064-7414-5AA3-2B4845B32404}.Release|Any CPU.Build.0 = Release|Any CPU
	EndGlobalSection
	GlobalSection(SolutionProperties) = preSolution
		HideSolutionNode = FALSE
	EndGlobalSection
						GlobalSection(MonoDevelopProperties) = preSolution
		StartupItem = Assembly-CSharp.csproj
		Policies = $0
		$0.TextStylePolicy = $1
		$1.inheritsSet = null
		$1.scope = text/x-csharp
		$0.CSharpFormattingPolicy = $2
		$2.inheritsSet = Mono
		$2.inheritsScope = text/x-csharp
		$2.scope = text/x-csharp
		$0.TextStylePolicy = $3
		$3.FileWidth = 120
		$3.TabWidth = 4
		$3.EolMarker = Unix
		$3.inheritsSet = Mono
		$3.inheritsScope = text/plain
		$3.scope = text/plain
	EndGlobalSection

EndGlobal
